
Microsoft Visual Studio Solution File, Format Version 12.00
# Visual Studio Version 17
VisualStudioVersion = 17.11.34929.205
MinimumVisualStudioVersion = 10.0.40219.1
Project("{2150E333-8FDC-42A3-9474-1A3956D46DE8}") = "src", "src", "{FD503355-4E14-457A-9DCE-F790187A8955}"
EndProject
Project("{2150E333-8FDC-42A3-9474-1A3956D46DE8}") = "samples", "samples", "{E54B37BA-6480-4EA3-9F02-DFCC6A75670A}"
EndProject
Project("{2150E333-8FDC-42A3-9474-1A3956D46DE8}") = "test", "test", "{0574501A-0D3B-4411-AAC6-05FE02F3F616}"
EndProject
Project("{9A19103F-16F7-4668-BE54-9A1E7A4F7556}") = "Quick.Net.Gateway", "src\Quick.Net.Gateway\Quick.Net.Gateway.csproj", "{E479BC95-B136-4462-B14C-A172195B247D}"
EndProject
Project("{2150E333-8FDC-42A3-9474-1A3956D46DE8}") = "Generators", "Generators", "{9C9D9BBF-2193-4851-8435-18CF99C01626}"
EndProject
Project("{9A19103F-16F7-4668-BE54-9A1E7A4F7556}") = "Quick.Net.FrameWork", "src\Quick.Net.FrameWork\Quick.Net.FrameWork.csproj", "{2FC98AAE-0100-4482-819C-C1B450AAA9B9}"
EndProject
Project("{9A19103F-16F7-4668-BE54-9A1E7A4F7556}") = "Quick.Net.CAP", "src\Quick.Net.CAP\Quick.Net.CAP.csproj", "{2E13EABD-4326-4315-B83A-2F6336A7A9DD}"
EndProject
Project("{9A19103F-16F7-4668-BE54-9A1E7A4F7556}") = "SignalRSamples", "samples\SignalRSamples\SignalRSamples.csproj", "{11136686-3D10-4EA1-A443-2B6E735BB984}"
EndProject
Project("{9A19103F-16F7-4668-BE54-9A1E7A4F7556}") = "SignalR.Client", "samples\SignalR.Client\SignalR.Client.csproj", "{12F4D521-7495-4732-B296-95FEA4B4F568}"
EndProject
Project("{9A19103F-16F7-4668-BE54-9A1E7A4F7556}") = "gRPCSamples", "samples\gRPCSamples\gRPCSamples.csproj", "{81A56B33-8FAB-4099-8F86-1EC6146DB0CD}"
EndProject
Project("{9A19103F-16F7-4668-BE54-9A1E7A4F7556}") = "gRPC.Client", "samples\gRPC.Client\gRPC.Client.csproj", "{F78A8ABE-702C-4D80-A3D2-E98BA54EC883}"
EndProject
Project("{9A19103F-16F7-4668-BE54-9A1E7A4F7556}") = "Quick.Net.OrderApi", "src\Quick.Net.Api\Quick.Net.OrderApi.csproj", "{2F00947F-0680-44BB-8AA3-7CFEEC27CC82}"
EndProject
Project("{2150E333-8FDC-42A3-9474-1A3956D46DE8}") = "Servcie", "Servcie", "{B05F838C-3852-445B-99DD-9A344B7D6CC4}"
EndProject
Project("{2150E333-8FDC-42A3-9474-1A3956D46DE8}") = "Order", "Order", "{582ABBC9-03F6-489F-972B-8B1C860316E3}"
EndProject
Project("{9A19103F-16F7-4668-BE54-9A1E7A4F7556}") = "Quick.Net.OrderApi.IServices", "src\Services\Order\Quick.Net.Api.IServices\Quick.Net.OrderApi.IServices.csproj", "{BAFB9361-90D5-4E30-B7C9-3F959AED2CFF}"
EndProject
Project("{9A19103F-16F7-4668-BE54-9A1E7A4F7556}") = "Quick.Net.OrderApi.Services", "src\Services\Order\Quick.Net.Api.Services\Quick.Net.OrderApi.Services.csproj", "{2FC45559-2900-4799-82A7-85BFDA5E601C}"
EndProject
Project("{9A19103F-16F7-4668-BE54-9A1E7A4F7556}") = "Quick.Net.Tasks", "src\Quick.Net.Tasks\Quick.Net.Tasks.csproj", "{D3387A76-B99F-4E22-AEB7-4EEB832A9425}"
EndProject
Project("{9A19103F-16F7-4668-BE54-9A1E7A4F7556}") = "Quick.Net.Common", "src\Quick.Net.Common\Quick.Net.Common.csproj", "{20933855-3914-4FC7-B717-002716CCDCE3}"
EndProject
Project("{9A19103F-16F7-4668-BE54-9A1E7A4F7556}") = "Quick.Net.Model", "src\Quick.Net.Model\Quick.Net.Model.csproj", "{D3090642-AB26-4849-87CD-8C9EEA095A36}"
EndProject
Project("{FAE04EC0-301F-11D3-BF4B-00C04F79EFBC}") = "Quick.Net.ProductApi", "src\Quick.Net.ProductApi\Quick.Net.ProductApi.csproj", "{61826A76-ED31-457E-A2A0-E279C0CF1518}"
EndProject
Global
	GlobalSection(SolutionConfigurationPlatforms) = preSolution
		Debug|Any CPU = Debug|Any CPU
		Release|Any CPU = Release|Any CPU
	EndGlobalSection
	GlobalSection(ProjectConfigurationPlatforms) = postSolution
		{E479BC95-B136-4462-B14C-A172195B247D}.Debug|Any CPU.ActiveCfg = Debug|Any CPU
		{E479BC95-B136-4462-B14C-A172195B247D}.Debug|Any CPU.Build.0 = Debug|Any CPU
		{E479BC95-B136-4462-B14C-A172195B247D}.Release|Any CPU.ActiveCfg = Release|Any CPU
		{E479BC95-B136-4462-B14C-A172195B247D}.Release|Any CPU.Build.0 = Release|Any CPU
		{2FC98AAE-0100-4482-819C-C1B450AAA9B9}.Debug|Any CPU.ActiveCfg = Debug|Any CPU
		{2FC98AAE-0100-4482-819C-C1B450AAA9B9}.Debug|Any CPU.Build.0 = Debug|Any CPU
		{2FC98AAE-0100-4482-819C-C1B450AAA9B9}.Release|Any CPU.ActiveCfg = Release|Any CPU
		{2FC98AAE-0100-4482-819C-C1B450AAA9B9}.Release|Any CPU.Build.0 = Release|Any CPU
		{2E13EABD-4326-4315-B83A-2F6336A7A9DD}.Debug|Any CPU.ActiveCfg = Debug|Any CPU
		{2E13EABD-4326-4315-B83A-2F6336A7A9DD}.Debug|Any CPU.Build.0 = Debug|Any CPU
		{2E13EABD-4326-4315-B83A-2F6336A7A9DD}.Release|Any CPU.ActiveCfg = Release|Any CPU
		{2E13EABD-4326-4315-B83A-2F6336A7A9DD}.Release|Any CPU.Build.0 = Release|Any CPU
		{11136686-3D10-4EA1-A443-2B6E735BB984}.Debug|Any CPU.ActiveCfg = Debug|Any CPU
		{11136686-3D10-4EA1-A443-2B6E735BB984}.Debug|Any CPU.Build.0 = Debug|Any CPU
		{11136686-3D10-4EA1-A443-2B6E735BB984}.Release|Any CPU.ActiveCfg = Release|Any CPU
		{11136686-3D10-4EA1-A443-2B6E735BB984}.Release|Any CPU.Build.0 = Release|Any CPU
		{12F4D521-7495-4732-B296-95FEA4B4F568}.Debug|Any CPU.ActiveCfg = Debug|Any CPU
		{12F4D521-7495-4732-B296-95FEA4B4F568}.Debug|Any CPU.Build.0 = Debug|Any CPU
		{12F4D521-7495-4732-B296-95FEA4B4F568}.Release|Any CPU.ActiveCfg = Release|Any CPU
		{12F4D521-7495-4732-B296-95FEA4B4F568}.Release|Any CPU.Build.0 = Release|Any CPU
		{81A56B33-8FAB-4099-8F86-1EC6146DB0CD}.Debug|Any CPU.ActiveCfg = Debug|Any CPU
		{81A56B33-8FAB-4099-8F86-1EC6146DB0CD}.Debug|Any CPU.Build.0 = Debug|Any CPU
		{81A56B33-8FAB-4099-8F86-1EC6146DB0CD}.Release|Any CPU.ActiveCfg = Release|Any CPU
		{81A56B33-8FAB-4099-8F86-1EC6146DB0CD}.Release|Any CPU.Build.0 = Release|Any CPU
		{F78A8ABE-702C-4D80-A3D2-E98BA54EC883}.Debug|Any CPU.ActiveCfg = Debug|Any CPU
		{F78A8ABE-702C-4D80-A3D2-E98BA54EC883}.Debug|Any CPU.Build.0 = Debug|Any CPU
		{F78A8ABE-702C-4D80-A3D2-E98BA54EC883}.Release|Any CPU.ActiveCfg = Release|Any CPU
		{F78A8ABE-702C-4D80-A3D2-E98BA54EC883}.Release|Any CPU.Build.0 = Release|Any CPU
		{2F00947F-0680-44BB-8AA3-7CFEEC27CC82}.Debug|Any CPU.ActiveCfg = Debug|Any CPU
		{2F00947F-0680-44BB-8AA3-7CFEEC27CC82}.Debug|Any CPU.Build.0 = Debug|Any CPU
		{2F00947F-0680-44BB-8AA3-7CFEEC27CC82}.Release|Any CPU.ActiveCfg = Release|Any CPU
		{2F00947F-0680-44BB-8AA3-7CFEEC27CC82}.Release|Any CPU.Build.0 = Release|Any CPU
		{BAFB9361-90D5-4E30-B7C9-3F959AED2CFF}.Debug|Any CPU.ActiveCfg = Debug|Any CPU
		{BAFB9361-90D5-4E30-B7C9-3F959AED2CFF}.Debug|Any CPU.Build.0 = Debug|Any CPU
		{BAFB9361-90D5-4E30-B7C9-3F959AED2CFF}.Release|Any CPU.ActiveCfg = Release|Any CPU
		{BAFB9361-90D5-4E30-B7C9-3F959AED2CFF}.Release|Any CPU.Build.0 = Release|Any CPU
		{2FC45559-2900-4799-82A7-85BFDA5E601C}.Debug|Any CPU.ActiveCfg = Debug|Any CPU
		{2FC45559-2900-4799-82A7-85BFDA5E601C}.Debug|Any CPU.Build.0 = Debug|Any CPU
		{2FC45559-2900-4799-82A7-85BFDA5E601C}.Release|Any CPU.ActiveCfg = Release|Any CPU
		{2FC45559-2900-4799-82A7-85BFDA5E601C}.Release|Any CPU.Build.0 = Release|Any CPU
		{D3387A76-B99F-4E22-AEB7-4EEB832A9425}.Debug|Any CPU.ActiveCfg = Debug|Any CPU
		{D3387A76-B99F-4E22-AEB7-4EEB832A9425}.Debug|Any CPU.Build.0 = Debug|Any CPU
		{D3387A76-B99F-4E22-AEB7-4EEB832A9425}.Release|Any CPU.ActiveCfg = Release|Any CPU
		{D3387A76-B99F-4E22-AEB7-4EEB832A9425}.Release|Any CPU.Build.0 = Release|Any CPU
		{20933855-3914-4FC7-B717-002716CCDCE3}.Debug|Any CPU.ActiveCfg = Debug|Any CPU
		{20933855-3914-4FC7-B717-002716CCDCE3}.Debug|Any CPU.Build.0 = Debug|Any CPU
		{20933855-3914-4FC7-B717-002716CCDCE3}.Release|Any CPU.ActiveCfg = Release|Any CPU
		{20933855-3914-4FC7-B717-002716CCDCE3}.Release|Any CPU.Build.0 = Release|Any CPU
		{D3090642-AB26-4849-87CD-8C9EEA095A36}.Debug|Any CPU.ActiveCfg = Debug|Any CPU
		{D3090642-AB26-4849-87CD-8C9EEA095A36}.Debug|Any CPU.Build.0 = Debug|Any CPU
		{D3090642-AB26-4849-87CD-8C9EEA095A36}.Release|Any CPU.ActiveCfg = Release|Any CPU
		{D3090642-AB26-4849-87CD-8C9EEA095A36}.Release|Any CPU.Build.0 = Release|Any CPU
		{61826A76-ED31-457E-A2A0-E279C0CF1518}.Debug|Any CPU.ActiveCfg = Debug|Any CPU
		{61826A76-ED31-457E-A2A0-E279C0CF1518}.Debug|Any CPU.Build.0 = Debug|Any CPU
		{61826A76-ED31-457E-A2A0-E279C0CF1518}.Release|Any CPU.ActiveCfg = Release|Any CPU
		{61826A76-ED31-457E-A2A0-E279C0CF1518}.Release|Any CPU.Build.0 = Release|Any CPU
	EndGlobalSection
	GlobalSection(SolutionProperties) = preSolution
		HideSolutionNode = FALSE
	EndGlobalSection
	GlobalSection(NestedProjects) = preSolution
		{E479BC95-B136-4462-B14C-A172195B247D} = {FD503355-4E14-457A-9DCE-F790187A8955}
		{9C9D9BBF-2193-4851-8435-18CF99C01626} = {FD503355-4E14-457A-9DCE-F790187A8955}
		{2FC98AAE-0100-4482-819C-C1B450AAA9B9} = {9C9D9BBF-2193-4851-8435-18CF99C01626}
		{2E13EABD-4326-4315-B83A-2F6336A7A9DD} = {FD503355-4E14-457A-9DCE-F790187A8955}
		{11136686-3D10-4EA1-A443-2B6E735BB984} = {E54B37BA-6480-4EA3-9F02-DFCC6A75670A}
		{12F4D521-7495-4732-B296-95FEA4B4F568} = {E54B37BA-6480-4EA3-9F02-DFCC6A75670A}
		{81A56B33-8FAB-4099-8F86-1EC6146DB0CD} = {E54B37BA-6480-4EA3-9F02-DFCC6A75670A}
		{F78A8ABE-702C-4D80-A3D2-E98BA54EC883} = {E54B37BA-6480-4EA3-9F02-DFCC6A75670A}
		{2F00947F-0680-44BB-8AA3-7CFEEC27CC82} = {FD503355-4E14-457A-9DCE-F790187A8955}
		{B05F838C-3852-445B-99DD-9A344B7D6CC4} = {FD503355-4E14-457A-9DCE-F790187A8955}
		{582ABBC9-03F6-489F-972B-8B1C860316E3} = {B05F838C-3852-445B-99DD-9A344B7D6CC4}
		{BAFB9361-90D5-4E30-B7C9-3F959AED2CFF} = {582ABBC9-03F6-489F-972B-8B1C860316E3}
		{2FC45559-2900-4799-82A7-85BFDA5E601C} = {582ABBC9-03F6-489F-972B-8B1C860316E3}
		{D3387A76-B99F-4E22-AEB7-4EEB832A9425} = {FD503355-4E14-457A-9DCE-F790187A8955}
		{20933855-3914-4FC7-B717-002716CCDCE3} = {FD503355-4E14-457A-9DCE-F790187A8955}
		{D3090642-AB26-4849-87CD-8C9EEA095A36} = {FD503355-4E14-457A-9DCE-F790187A8955}
		{61826A76-ED31-457E-A2A0-E279C0CF1518} = {FD503355-4E14-457A-9DCE-F790187A8955}
	EndGlobalSection
	GlobalSection(ExtensibilityGlobals) = postSolution
		SolutionGuid = {63200B6B-07AA-4F82-9431-7A6653DFEB96}
	EndGlobalSection
EndGlobal
